
Microsoft Visual Studio Solution File, Format Version 12.00
# Visual Studio Version 17
VisualStudioVersion = 17.9.34622.214
MinimumVisualStudioVersion = 10.0.40219.1
Project("{FAE04EC0-301F-11D3-BF4B-00C04F79EFBC}") = "Week4Loops", "Week4Loops\Week4Loops.csproj", "{05D95565-8319-4BB7-9149-51C73D9115F8}"
EndProject
Project("{FAE04EC0-301F-11D3-BF4B-00C04F79EFBC}") = "ForLoopSum", "ForLoopSum\ForLoopSum.csproj", "{18F7C4B2-38FA-46BB-A107-8962A727F314}"
EndProject
Project("{FAE04EC0-301F-11D3-BF4B-00C04F79EFBC}") = "RandomNumber", "RandomNumber\RandomNumber.csproj", "{E7AC7CA5-1533-4852-9A74-E57820665794}"
EndProject
Project("{FAE04EC0-301F-11D3-BF4B-00C04F79EFBC}") = "WhileLoops", "WhileLoops\WhileLoops.csproj", "{3AAAE7C2-C495-46A2-AF48-C861091B3D10}"
EndProject
Global
	GlobalSection(SolutionConfigurationPlatforms) = preSolution
		Debug|Any CPU = Debug|Any CPU
		Release|Any CPU = Release|Any CPU
	EndGlobalSection
	GlobalSection(ProjectConfigurationPlatforms) = postSolution
		{05D95565-8319-4BB7-9149-51C73D9115F8}.Debug|Any CPU.ActiveCfg = Debug|Any CPU
		{05D95565-8319-4BB7-9149-51C73D9115F8}.Debug|Any CPU.Build.0 = Debug|Any CPU
		{05D95565-8319-4BB7-9149-51C73D9115F8}.Release|Any CPU.ActiveCfg = Release|Any CPU
		{05D95565-8319-4BB7-9149-51C73D9115F8}.Release|Any CPU.Build.0 = Release|Any CPU
		{18F7C4B2-38FA-46BB-A107-8962A727F314}.Debug|Any CPU.ActiveCfg = Debug|Any CPU
		{18F7C4B2-38FA-46BB-A107-8962A727F314}.Debug|Any CPU.Build.0 = Debug|Any CPU
		{18F7C4B2-38FA-46BB-A107-8962A727F314}.Release|Any CPU.ActiveCfg = Release|Any CPU
		{18F7C4B2-38FA-46BB-A107-8962A727F314}.Release|Any CPU.Build.0 = Release|Any CPU
		{E7AC7CA5-1533-4852-9A74-E57820665794}.Debug|Any CPU.ActiveCfg = Debug|Any CPU
		{E7AC7CA5-1533-4852-9A74-E57820665794}.Debug|Any CPU.Build.0 = Debug|Any CPU
		{E7AC7CA5-1533-4852-9A74-E57820665794}.Release|Any CPU.ActiveCfg = Release|Any CPU
		{E7AC7CA5-1533-4852-9A74-E57820665794}.Release|Any CPU.Build.0 = Release|Any CPU
		{3AAAE7C2-C495-46A2-AF48-C861091B3D10}.Debug|Any CPU.ActiveCfg = Debug|Any CPU
		{3AAAE7C2-C495-46A2-AF48-C861091B3D10}.Debug|Any CPU.Build.0 = Debug|Any CPU
		{3AAAE7C2-C495-46A2-AF48-C861091B3D10}.Release|Any CPU.ActiveCfg = Release|Any CPU
		{3AAAE7C2-C495-46A2-AF48-C861091B3D10}.Release|Any CPU.Build.0 = Release|Any CPU
	EndGlobalSection
	GlobalSection(SolutionProperties) = preSolution
		HideSolutionNode = FALSE
	EndGlobalSection
	GlobalSection(ExtensibilityGlobals) = postSolution
		SolutionGuid = {D3BE88CC-C167-4EA5-9549-FD4E31C5D134}
	EndGlobalSection
EndGlobal
